{
  "nodes": {
    "home-manager": {
      "inputs": {
        "nixpkgs": [
          "nixpkgs"
        ]
      },
      "locked": {
        "lastModified": 1607553951,
        "narHash": "sha256-pFlfqnG1pJzCgJGcTBIJJfJdqy0GJdSqGrmLSzcDn/w=",
        "owner": "nix-community",
        "repo": "home-manager",
        "rev": "e6a58a7e718ac5b21fa8bc9e937cc19bcd8d9293",
        "type": "github"
      },
      "original": {
        "owner": "nix-community",
        "ref": "master",
        "repo": "home-manager",
        "type": "github"
      }
    },
    "nixpkgs": {
      "locked": {
        "lastModified": 1608938471,
        "narHash": "sha256-fcD23zbRCPkrhGT+E9JS7Itj9af3eZP8++YSNyiEYQI=",
        "owner": "matejc",
        "repo": "nixpkgs",
        "rev": "0daf4b1bc02fe4d6c9228a422e02ab120543c8c5",
        "type": "github"
      },
      "original": {
        "owner": "matejc",
        "ref": "mylocal198",
        "repo": "nixpkgs",
        "type": "github"
      }
    },
    "nur": {
      "locked": {
        "lastModified": 1608331116,
        "narHash": "sha256-k6FEPW5mHjeCmRguuc4slz7+MrFa9waWtT7ILFJ5IOk=",
        "owner": "nix-community",
        "repo": "NUR",
        "rev": "b6264860f8d24305ccdae5a83358e5dd1680ce63",
        "type": "github"
      },
      "original": {
        "owner": "nix-community",
        "repo": "NUR",
        "type": "github"
      }
    },
    "root": {
      "inputs": {
        "home-manager": "home-manager",
        "nixpkgs": "nixpkgs",
        "nur": "nur"
      }
    }
  },
  "root": "root",
  "version": 7
}
