{
  "nodes": {
    "home-manager": {
      "inputs": {
        "nixpkgs": [
          "nixpkgs"
        ]
      },
      "locked": {
        "lastModified": 1607553951,
        "narHash": "sha256-pFlfqnG1pJzCgJGcTBIJJfJdqy0GJdSqGrmLSzcDn/w=",
        "owner": "nix-community",
        "repo": "home-manager",
        "rev": "e6a58a7e718ac5b21fa8bc9e937cc19bcd8d9293",
        "type": "github"
      },
      "original": {
        "owner": "nix-community",
        "ref": "master",
        "repo": "home-manager",
        "type": "github"
      }
    },
    "nixpkgs": {
      "locked": {
        "lastModified": 1607525610,
        "narHash": "sha256-u+5o+8ucEGgm8IdC0t/kRm5BA2YEnUCW4PAQzwF1R30=",
        "owner": "NixOS",
        "repo": "nixpkgs",
        "rev": "253de1fcdb3b82a74a0bf128a7ae2a7b2fed0932",
        "type": "github"
      },
      "original": {
        "owner": "NixOS",
        "ref": "nixpkgs-unstable",
        "repo": "nixpkgs",
        "type": "github"
      }
    },
    "root": {
      "inputs": {
        "home-manager": "home-manager",
        "nixpkgs": "nixpkgs"
      }
    }
  },
  "root": "root",
  "version": 7
}
