{
  "nodes": {
    "home-manager": {
      "inputs": {
        "nixpkgs": [
          "nixpkgs"
        ]
      },
      "locked": {
        "lastModified": 1712759992,
        "narHash": "sha256-2APpO3ZW4idlgtlb8hB04u/rmIcKA8O7pYqxF66xbNY=",
        "owner": "nix-community",
        "repo": "home-manager",
        "rev": "31357486b0ef6f4e161e002b6893eeb4fafc3ca9",
        "type": "github"
      },
      "original": {
        "owner": "nix-community",
        "ref": "master",
        "repo": "home-manager",
        "type": "github"
      }
    },
    "nixexprs": {
      "locked": {
        "lastModified": 1712691445,
        "narHash": "sha256-LQbioTP3HMb2sMpFM4ivO5hneDcKX05r9bD9Ncl+3d0=",
        "type": "tarball",
        "url": "https://channels.nixos.org/nixos-unstable/nixexprs.tar.xz"
      },
      "original": {
        "type": "tarball",
        "url": "https://channels.nixos.org/nixos-unstable/nixexprs.tar.xz"
      }
    },
    "nixmy": {
      "flake": false,
      "locked": {
        "lastModified": 1710428113,
        "narHash": "sha256-9+IvaGOgUuHOTtKTEDftb0DeV6VKCQBZ2UURu6p+NFE=",
        "owner": "matejc",
        "repo": "nixmy",
        "rev": "36bc3d122a15f5d532ae65b634372d82e1411be7",
        "type": "github"
      },
      "original": {
        "owner": "matejc",
        "ref": "master",
        "repo": "nixmy",
        "type": "github"
      }
    },
    "nixos-configuration": {
      "flake": false,
      "locked": {
        "lastModified": 1712168001,
        "narHash": "sha256-ivpG8vNRLNw8A/LU0kxUzz9wtDO/roLV7tIH30ApMSA=",
        "path": "/etc/nixos",
        "type": "path"
      },
      "original": {
        "path": "/etc/nixos",
        "type": "path"
      }
    },
    "nixos-hardware": {
      "locked": {
        "lastModified": 1712760404,
        "narHash": "sha256-4zhaEW1nB+nGbCNMjOggWeY5nXs/H0Y71q0+h+jdxoU=",
        "owner": "NixOS",
        "repo": "nixos-hardware",
        "rev": "e1c4bac14beb8c409d0534382cf967171706b9d9",
        "type": "github"
      },
      "original": {
        "owner": "NixOS",
        "ref": "master",
        "repo": "nixos-hardware",
        "type": "github"
      }
    },
    "nixpkgs": {
      "locked": {
        "lastModified": 1712730991,
        "narHash": "sha256-SVsRxmZraPLGr4VEDJ5G0NLUTcCI4xnXdjREegnC6go=",
        "owner": "matejc",
        "repo": "nixpkgs",
        "rev": "d0bd0f1adfd047bc1d3c8b00f73b15f890f3ffb2",
        "type": "github"
      },
      "original": {
        "owner": "matejc",
        "ref": "latest",
        "repo": "nixpkgs",
        "type": "github"
      }
    },
    "nur": {
      "locked": {
        "lastModified": 1712854108,
        "narHash": "sha256-OjN257gKfm3NcRnprcij8a7iVYpZcrlfTPAXWqVwoHE=",
        "owner": "nix-community",
        "repo": "NUR",
        "rev": "bea305ed23150d80f17f011a0d1edc5a43dc65d2",
        "type": "github"
      },
      "original": {
        "owner": "nix-community",
        "repo": "NUR",
        "type": "github"
      }
    },
    "root": {
      "inputs": {
        "home-manager": "home-manager",
        "nixexprs": "nixexprs",
        "nixmy": "nixmy",
        "nixos-configuration": "nixos-configuration",
        "nixos-hardware": "nixos-hardware",
        "nixpkgs": "nixpkgs",
        "nur": "nur",
        "sway-scratchpad": "sway-scratchpad",
        "sway-workspace": "sway-workspace",
        "swayest": "swayest"
      }
    },
    "sway-scratchpad": {
      "flake": false,
      "locked": {
        "lastModified": 1682256707,
        "narHash": "sha256-TgiwU95BbKFvISDe8+wn8VQ+8vQNuGsb+7p9kP//5lw=",
        "owner": "matejc",
        "repo": "sway-scratchpad",
        "rev": "2f4d39927a154108f193771a90ae7f298e7ae65f",
        "type": "github"
      },
      "original": {
        "owner": "matejc",
        "repo": "sway-scratchpad",
        "type": "github"
      }
    },
    "sway-workspace": {
      "flake": false,
      "locked": {
        "lastModified": 1675361985,
        "narHash": "sha256-4Jyyve9HqiSzE+WGooKnzXjnIG+6HZIolf0P7fo47HU=",
        "owner": "matejc",
        "repo": "sway-workspace",
        "rev": "0ca7c7dbb181919e6d3b1b2a18c82e78df4fb638",
        "type": "github"
      },
      "original": {
        "owner": "matejc",
        "repo": "sway-workspace",
        "type": "github"
      }
    },
    "swayest": {
      "flake": false,
      "locked": {
        "lastModified": 1661875152,
        "narHash": "sha256-LciTrYbmJV0y0H6QH88vTBXbDdDSx6FQtO4J/CFLjtY=",
        "owner": "Lyr-7D1h",
        "repo": "swayest_workstyle",
        "rev": "5b90392d05240233e3292e546c6dd72f2fdcd0fe",
        "type": "github"
      },
      "original": {
        "owner": "Lyr-7D1h",
        "ref": "1.3.0",
        "repo": "swayest_workstyle",
        "type": "github"
      }
    }
  },
  "root": "root",
  "version": 7
}
