{
  "nodes": {
    "clearprimary": {
      "flake": false,
      "locked": {
        "lastModified": 1664881241,
        "narHash": "sha256-3V3MXHIQDKRaFsqmh04y7KeAsiw7iCwPfkAjD1EKlzU=",
        "owner": "matejc",
        "repo": "clearprimary",
        "rev": "c343497f7a66ab854dcc49b647351f48b8c8db06",
        "type": "github"
      },
      "original": {
        "owner": "matejc",
        "ref": "main",
        "repo": "clearprimary",
        "type": "github"
      }
    },
    "flake-parts": {
      "inputs": {
        "nixpkgs-lib": "nixpkgs-lib"
      },
      "locked": {
        "lastModified": 1673362319,
        "narHash": "sha256-Pjp45Vnj7S/b3BRpZEVfdu8sqqA6nvVjvYu59okhOyI=",
        "owner": "hercules-ci",
        "repo": "flake-parts",
        "rev": "82c16f1682cf50c01cb0280b38a1eed202b3fe9f",
        "type": "github"
      },
      "original": {
        "owner": "hercules-ci",
        "repo": "flake-parts",
        "type": "github"
      }
    },
    "home-manager": {
      "inputs": {
        "nixpkgs": [
          "nixpkgs"
        ]
      },
      "locked": {
        "lastModified": 1695224363,
        "narHash": "sha256-+hfjJLUMck5G92RVFDZA7LWkR3kOxs5zQ7RPW9t3eM8=",
        "owner": "nix-community",
        "repo": "home-manager",
        "rev": "408ba13188ff9ce309fa2bdd2f81287d79773b00",
        "type": "github"
      },
      "original": {
        "owner": "nix-community",
        "ref": "master",
        "repo": "home-manager",
        "type": "github"
      }
    },
    "hyprland": {
      "inputs": {
        "hyprland-protocols": "hyprland-protocols",
        "nixpkgs": [
          "nixpkgs"
        ],
        "systems": "systems",
        "wlroots": "wlroots",
        "xdph": "xdph"
      },
      "locked": {
        "lastModified": 1695237968,
        "narHash": "sha256-n0K0iiXCdbw3l5+YTMb7ESJQXnXYoVUIzeTbHo5D1rE=",
        "owner": "hyprwm",
        "repo": "Hyprland",
        "rev": "1925e64c21811ce76e5059d7a063f968c2d3e98c",
        "type": "github"
      },
      "original": {
        "owner": "hyprwm",
        "repo": "Hyprland",
        "type": "github"
      }
    },
    "hyprland-protocols": {
      "inputs": {
        "nixpkgs": [
          "hyprland",
          "nixpkgs"
        ],
        "systems": [
          "hyprland",
          "systems"
        ]
      },
      "locked": {
        "lastModified": 1691753796,
        "narHash": "sha256-zOEwiWoXk3j3+EoF3ySUJmberFewWlagvewDRuWYAso=",
        "owner": "hyprwm",
        "repo": "hyprland-protocols",
        "rev": "0c2ce70625cb30aef199cb388f99e19a61a6ce03",
        "type": "github"
      },
      "original": {
        "owner": "hyprwm",
        "repo": "hyprland-protocols",
        "type": "github"
      }
    },
    "nixexprs": {
      "locked": {
        "narHash": "sha256-71Wtwh5FU+Oj+p8PJA7OHIqjd2onK2ktsLsPYnbhPv0=",
        "type": "tarball",
        "url": "https://channels.nixos.org/nixos-unstable/nixexprs.tar.xz"
      },
      "original": {
        "type": "tarball",
        "url": "https://channels.nixos.org/nixos-unstable/nixexprs.tar.xz"
      }
    },
    "nixmy": {
      "flake": false,
      "locked": {
        "lastModified": 1693135602,
        "narHash": "sha256-xh0lBgXJz9s/IGCRwaHgx50J4OLPkCwYSQ38t2BtD+A=",
        "owner": "matejc",
        "repo": "nixmy",
        "rev": "fbf37841e8b8154385b89c78da7a9adc22844a1a",
        "type": "github"
      },
      "original": {
        "owner": "matejc",
        "ref": "master",
        "repo": "nixmy",
        "type": "github"
      }
    },
    "nixos-configuration": {
      "flake": false,
      "locked": {
        "lastModified": 1695190711,
        "narHash": "sha256-xyjK1FxrOz4zS+3YMRU72f3TDY00MxTruNQ0Exxx6f4=",
        "path": "/etc/nixos",
        "type": "path"
      },
      "original": {
        "path": "/etc/nixos",
        "type": "path"
      }
    },
    "nixos-hardware": {
      "locked": {
        "lastModified": 1695109627,
        "narHash": "sha256-4rpyoVzmunIG6xWA/EonnSSqC69bDBzciFi6SjBze/0=",
        "owner": "NixOS",
        "repo": "nixos-hardware",
        "rev": "cb4dc98f776ddb6af165e6f06b2902efe31ca67a",
        "type": "github"
      },
      "original": {
        "owner": "NixOS",
        "ref": "master",
        "repo": "nixos-hardware",
        "type": "github"
      }
    },
    "nixpkgs": {
      "locked": {
        "lastModified": 1695283121,
        "narHash": "sha256-/4S9O/wQ65UWxbulUmojNODD2A+5HhraemgfTkK4uHw=",
        "path": "/home/matejc/workarea/nixpkgs",
        "type": "path"
      },
      "original": {
        "path": "/home/matejc/workarea/nixpkgs",
        "type": "path"
      }
    },
    "nixpkgs-lib": {
      "locked": {
        "dir": "lib",
        "lastModified": 1672350804,
        "narHash": "sha256-jo6zkiCabUBn3ObuKXHGqqORUMH27gYDIFFfLq5P4wg=",
        "owner": "NixOS",
        "repo": "nixpkgs",
        "rev": "677ed08a50931e38382dbef01cba08a8f7eac8f6",
        "type": "github"
      },
      "original": {
        "dir": "lib",
        "owner": "NixOS",
        "ref": "nixos-unstable",
        "repo": "nixpkgs",
        "type": "github"
      }
    },
    "nur": {
      "locked": {
        "lastModified": 1695271288,
        "narHash": "sha256-iU3j8VlkNZgEkhMNgDJumDHU/imjcZ20r38pgG78zwE=",
        "owner": "nix-community",
        "repo": "NUR",
        "rev": "388f58929d4caa7c047c068c1e456266b28d8225",
        "type": "github"
      },
      "original": {
        "owner": "nix-community",
        "repo": "NUR",
        "type": "github"
      }
    },
    "nwg-displays": {
      "inputs": {
        "flake-parts": "flake-parts",
        "nixpkgs": [
          "nixpkgs"
        ]
      },
      "locked": {
        "lastModified": 1692392996,
        "narHash": "sha256-N95jo45z4kASok9kmZJTSkjNk8ovl0DJTKNpnghR1NA=",
        "owner": "nwg-piotr",
        "repo": "nwg-displays",
        "rev": "86fbd4276d998608f95aeb8db518d3ec030fd941",
        "type": "github"
      },
      "original": {
        "owner": "nwg-piotr",
        "ref": "master",
        "repo": "nwg-displays",
        "type": "github"
      }
    },
    "root": {
      "inputs": {
        "clearprimary": "clearprimary",
        "home-manager": "home-manager",
        "hyprland": "hyprland",
        "nixexprs": "nixexprs",
        "nixmy": "nixmy",
        "nixos-configuration": "nixos-configuration",
        "nixos-hardware": "nixos-hardware",
        "nixpkgs": "nixpkgs",
        "nur": "nur",
        "nwg-displays": "nwg-displays",
        "sway-scratchpad": "sway-scratchpad",
        "sway-workspace": "sway-workspace",
        "swayest": "swayest"
      }
    },
    "sway-scratchpad": {
      "flake": false,
      "locked": {
        "lastModified": 1682256707,
        "narHash": "sha256-TgiwU95BbKFvISDe8+wn8VQ+8vQNuGsb+7p9kP//5lw=",
        "owner": "matejc",
        "repo": "sway-scratchpad",
        "rev": "2f4d39927a154108f193771a90ae7f298e7ae65f",
        "type": "github"
      },
      "original": {
        "owner": "matejc",
        "repo": "sway-scratchpad",
        "type": "github"
      }
    },
    "sway-workspace": {
      "flake": false,
      "locked": {
        "lastModified": 1675361985,
        "narHash": "sha256-4Jyyve9HqiSzE+WGooKnzXjnIG+6HZIolf0P7fo47HU=",
        "owner": "matejc",
        "repo": "sway-workspace",
        "rev": "0ca7c7dbb181919e6d3b1b2a18c82e78df4fb638",
        "type": "github"
      },
      "original": {
        "owner": "matejc",
        "repo": "sway-workspace",
        "type": "github"
      }
    },
    "swayest": {
      "flake": false,
      "locked": {
        "lastModified": 1661875152,
        "narHash": "sha256-LciTrYbmJV0y0H6QH88vTBXbDdDSx6FQtO4J/CFLjtY=",
        "owner": "Lyr-7D1h",
        "repo": "swayest_workstyle",
        "rev": "5b90392d05240233e3292e546c6dd72f2fdcd0fe",
        "type": "github"
      },
      "original": {
        "owner": "Lyr-7D1h",
        "ref": "1.3.0",
        "repo": "swayest_workstyle",
        "type": "github"
      }
    },
    "systems": {
      "locked": {
        "lastModified": 1689347949,
        "narHash": "sha256-12tWmuL2zgBgZkdoB6qXZsgJEH9LR3oUgpaQq2RbI80=",
        "owner": "nix-systems",
        "repo": "default-linux",
        "rev": "31732fcf5e8fea42e59c2488ad31a0e651500f68",
        "type": "github"
      },
      "original": {
        "owner": "nix-systems",
        "repo": "default-linux",
        "type": "github"
      }
    },
    "wlroots": {
      "flake": false,
      "locked": {
        "host": "gitlab.freedesktop.org",
        "lastModified": 1694302348,
        "narHash": "sha256-S9NOc88L/1jpNKJqBu2Hihvn0V1HHCK2hXE4bNBAStg=",
        "owner": "wlroots",
        "repo": "wlroots",
        "rev": "65bbbbbf0c3d6844cee3c4e294d0ba07e1f82211",
        "type": "gitlab"
      },
      "original": {
        "host": "gitlab.freedesktop.org",
        "owner": "wlroots",
        "repo": "wlroots",
        "rev": "65bbbbbf0c3d6844cee3c4e294d0ba07e1f82211",
        "type": "gitlab"
      }
    },
    "xdph": {
      "inputs": {
        "hyprland-protocols": [
          "hyprland",
          "hyprland-protocols"
        ],
        "nixpkgs": [
          "hyprland",
          "nixpkgs"
        ],
        "systems": [
          "hyprland",
          "systems"
        ]
      },
      "locked": {
        "lastModified": 1694628480,
        "narHash": "sha256-Qg9hstRw0pvjGu5hStkr2UX1D73RYcQ9Ns/KnZMIm9w=",
        "owner": "hyprwm",
        "repo": "xdg-desktop-portal-hyprland",
        "rev": "8f45a6435069b9e24ebd3160eda736d7a391cbf2",
        "type": "github"
      },
      "original": {
        "owner": "hyprwm",
        "repo": "xdg-desktop-portal-hyprland",
        "type": "github"
      }
    }
  },
  "root": "root",
  "version": 7
}
