{
  "nodes": {
    "cachix": {
      "inputs": {
        "devenv": [
          "niri",
          "crate2nix"
        ],
        "flake-compat": [
          "niri",
          "crate2nix"
        ],
        "nixpkgs": "nixpkgs",
        "pre-commit-hooks": [
          "niri",
          "crate2nix"
        ]
      },
      "locked": {
        "lastModified": 1695659566,
        "narHash": "sha256-6S8EOs7bGTyY4eDXGuTbJMTlaz0n1JYIAPKIB2cVYxg=",
        "owner": "cachix",
        "repo": "cachix",
        "rev": "25e5137a4d12cd5579da2b37c9f009e6fbfa3150",
        "type": "github"
      },
      "original": {
        "owner": "cachix",
        "ref": "latest",
        "repo": "cachix",
        "type": "github"
      }
    },
    "crate2nix": {
      "inputs": {
        "cachix": "cachix",
        "crate2nix_stable": "crate2nix_stable",
        "devshell": "devshell",
        "flake-compat": "flake-compat",
        "flake-parts": "flake-parts",
        "nix-test-runner": "nix-test-runner",
        "nixpkgs": "nixpkgs_2",
        "pre-commit-hooks": "pre-commit-hooks"
      },
      "locked": {
        "lastModified": 1705685068,
        "narHash": "sha256-6DGc8s5dVjMRSwX9I94e7k6m2gFoptJ2zI5Mk7YXk0E=",
        "owner": "nix-community",
        "repo": "crate2nix",
        "rev": "7010242096dc89bd8faaa3a6ccd7951b9d9ccd6c",
        "type": "github"
      },
      "original": {
        "owner": "nix-community",
        "repo": "crate2nix",
        "type": "github"
      }
    },
    "crate2nix_stable": {
      "inputs": {
        "flake-utils": "flake-utils"
      },
      "locked": {
        "lastModified": 1702842982,
        "narHash": "sha256-A9AowkHIjsy1a4LuiPiVP88FMxyCWK41flZEZOUuwQM=",
        "owner": "nix-community",
        "repo": "crate2nix",
        "rev": "75ac2973affa6b9b4f661a7b592cba6e4f51d426",
        "type": "github"
      },
      "original": {
        "owner": "nix-community",
        "ref": "0.12.0",
        "repo": "crate2nix",
        "type": "github"
      }
    },
    "devshell": {
      "inputs": {
        "flake-utils": "flake-utils_2",
        "nixpkgs": [
          "niri",
          "crate2nix",
          "nixpkgs"
        ]
      },
      "locked": {
        "lastModified": 1704648272,
        "narHash": "sha256-zCDhWGl3bVpBKpDZ0p3NuGksZVg69BAChsY5W4KARL4=",
        "owner": "numtide",
        "repo": "devshell",
        "rev": "f54745fd4aae92443817ddc566ce06572b178b5a",
        "type": "github"
      },
      "original": {
        "owner": "numtide",
        "repo": "devshell",
        "type": "github"
      }
    },
    "flake-compat": {
      "locked": {
        "lastModified": 1696426674,
        "narHash": "sha256-kvjfFW7WAETZlt09AgDn1MrtKzP7t90Vf7vypd3OL1U=",
        "rev": "0f9255e01c2351cc7d116c072cb317785dd33b33",
        "revCount": 57,
        "type": "tarball",
        "url": "https://api.flakehub.com/f/pinned/edolstra/flake-compat/1.0.1/018afb31-abd1-7bff-a5e4-cff7e18efb7a/source.tar.gz"
      },
      "original": {
        "type": "tarball",
        "url": "https://flakehub.com/f/edolstra/flake-compat/1.tar.gz"
      }
    },
    "flake-parts": {
      "inputs": {
        "nixpkgs-lib": [
          "niri",
          "crate2nix",
          "nixpkgs"
        ]
      },
      "locked": {
        "lastModified": 1704152458,
        "narHash": "sha256-DS+dGw7SKygIWf9w4eNBUZsK+4Ug27NwEWmn2tnbycg=",
        "owner": "hercules-ci",
        "repo": "flake-parts",
        "rev": "88a2cd8166694ba0b6cb374700799cec53aef527",
        "type": "github"
      },
      "original": {
        "owner": "hercules-ci",
        "repo": "flake-parts",
        "type": "github"
      }
    },
    "flake-parts_2": {
      "inputs": {
        "nixpkgs-lib": "nixpkgs-lib"
      },
      "locked": {
        "lastModified": 1704982712,
        "narHash": "sha256-2Ptt+9h8dczgle2Oo6z5ni5rt/uLMG47UFTR1ry/wgg=",
        "owner": "hercules-ci",
        "repo": "flake-parts",
        "rev": "07f6395285469419cf9d078f59b5b49993198c00",
        "type": "github"
      },
      "original": {
        "owner": "hercules-ci",
        "repo": "flake-parts",
        "type": "github"
      }
    },
    "flake-utils": {
      "inputs": {
        "systems": "systems"
      },
      "locked": {
        "lastModified": 1694529238,
        "narHash": "sha256-zsNZZGTGnMOf9YpHKJqMSsa0dXbfmxeoJ7xHlrt+xmY=",
        "owner": "numtide",
        "repo": "flake-utils",
        "rev": "ff7b65b44d01cf9ba6a71320833626af21126384",
        "type": "github"
      },
      "original": {
        "owner": "numtide",
        "repo": "flake-utils",
        "type": "github"
      }
    },
    "flake-utils_2": {
      "inputs": {
        "systems": "systems_2"
      },
      "locked": {
        "lastModified": 1701680307,
        "narHash": "sha256-kAuep2h5ajznlPMD9rnQyffWG8EM/C73lejGofXvdM8=",
        "owner": "numtide",
        "repo": "flake-utils",
        "rev": "4022d587cbbfd70fe950c1e2083a02621806a725",
        "type": "github"
      },
      "original": {
        "owner": "numtide",
        "repo": "flake-utils",
        "type": "github"
      }
    },
    "flake-utils_3": {
      "inputs": {
        "systems": "systems_3"
      },
      "locked": {
        "lastModified": 1685518550,
        "narHash": "sha256-o2d0KcvaXzTrPRIo0kOLV0/QXHhDQ5DTi+OxcjO8xqY=",
        "owner": "numtide",
        "repo": "flake-utils",
        "rev": "a1720a10a6cfe8234c0e93907ffe81be440f4cef",
        "type": "github"
      },
      "original": {
        "owner": "numtide",
        "repo": "flake-utils",
        "type": "github"
      }
    },
    "gitignore": {
      "inputs": {
        "nixpkgs": [
          "niri",
          "crate2nix",
          "pre-commit-hooks",
          "nixpkgs"
        ]
      },
      "locked": {
        "lastModified": 1660459072,
        "narHash": "sha256-8DFJjXG8zqoONA1vXtgeKXy68KdJL5UaXR8NtVMUbx8=",
        "owner": "hercules-ci",
        "repo": "gitignore.nix",
        "rev": "a20de23b925fd8264fd7fad6454652e142fd7f73",
        "type": "github"
      },
      "original": {
        "owner": "hercules-ci",
        "repo": "gitignore.nix",
        "type": "github"
      }
    },
    "home-manager": {
      "inputs": {
        "nixpkgs": [
          "nixpkgs"
        ]
      },
      "locked": {
        "lastModified": 1707175763,
        "narHash": "sha256-0MKHC6tQ4KEuM5rui6DjKZ/VNiSANB4E+DJ/+wPS1PU=",
        "owner": "nix-community",
        "repo": "home-manager",
        "rev": "f99eace7c167b8a6a0871849493b1c613d0f1b80",
        "type": "github"
      },
      "original": {
        "owner": "nix-community",
        "ref": "master",
        "repo": "home-manager",
        "type": "github"
      }
    },
    "niri": {
      "inputs": {
        "crate2nix": "crate2nix",
        "flake-parts": "flake-parts_2",
        "niri-src": "niri-src",
        "nixpkgs": [
          "nixpkgs"
        ]
      },
      "locked": {
        "lastModified": 1706200822,
        "narHash": "sha256-gi7jye7K8pX1HOveNMwfo/IermaewDrABPq5wYpl9Ho=",
        "owner": "sodiboo",
        "repo": "niri-flake",
        "rev": "0f4fb239b81e31f121e93f3fad6064d99815a0cd",
        "type": "github"
      },
      "original": {
        "owner": "sodiboo",
        "repo": "niri-flake",
        "type": "github"
      }
    },
    "niri-src": {
      "flake": false,
      "locked": {
        "lastModified": 1707321803,
        "narHash": "sha256-We5VkX5dsV/YShJ2ZTv90FEa6NfI4yYXkR/p15jlDQo=",
        "owner": "YaLTeR",
        "repo": "niri",
        "rev": "d8dcadc5b279c11e8cb8d1b0b064cc2b62c04099",
        "type": "github"
      },
      "original": {
        "owner": "YaLTeR",
        "repo": "niri",
        "type": "github"
      }
    },
    "nix-test-runner": {
      "flake": false,
      "locked": {
        "lastModified": 1588761593,
        "narHash": "sha256-FKJykltAN/g3eIceJl4SfDnnyuH2jHImhMrXS2KvGIs=",
        "owner": "stoeffel",
        "repo": "nix-test-runner",
        "rev": "c45d45b11ecef3eb9d834c3b6304c05c49b06ca2",
        "type": "github"
      },
      "original": {
        "owner": "stoeffel",
        "repo": "nix-test-runner",
        "type": "github"
      }
    },
    "nixexprs": {
      "locked": {
        "lastModified": 1707197989,
        "narHash": "sha256-JvzwKSbJ3jgZunHCZkLc/s6EH3P25Ndj5BckGT0sDCI=",
        "type": "tarball",
        "url": "https://channels.nixos.org/nixos-unstable/nixexprs.tar.xz"
      },
      "original": {
        "type": "tarball",
        "url": "https://channels.nixos.org/nixos-unstable/nixexprs.tar.xz"
      }
    },
    "nixmy": {
      "flake": false,
      "locked": {
        "lastModified": 1693135602,
        "narHash": "sha256-xh0lBgXJz9s/IGCRwaHgx50J4OLPkCwYSQ38t2BtD+A=",
        "owner": "matejc",
        "repo": "nixmy",
        "rev": "fbf37841e8b8154385b89c78da7a9adc22844a1a",
        "type": "github"
      },
      "original": {
        "owner": "matejc",
        "ref": "master",
        "repo": "nixmy",
        "type": "github"
      }
    },
    "nixos-configuration": {
      "flake": false,
      "locked": {
        "lastModified": 1707220529,
        "narHash": "sha256-mSiUx9D4+L9/QVhEKa6zJSIc1pQusGPp1SRLeWe7K5E=",
        "path": "/etc/nixos",
        "type": "path"
      },
      "original": {
        "path": "/etc/nixos",
        "type": "path"
      }
    },
    "nixos-hardware": {
      "locked": {
        "lastModified": 1707211557,
        "narHash": "sha256-LTKTzZ6fM5j8XWXf51IMBzDaOaJg9kYWLUZxoIhzRN8=",
        "owner": "NixOS",
        "repo": "nixos-hardware",
        "rev": "6e5cc385fc8cf5ca6495d70243074ccdea9f64c7",
        "type": "github"
      },
      "original": {
        "owner": "NixOS",
        "ref": "master",
        "repo": "nixos-hardware",
        "type": "github"
      }
    },
    "nixpkgs": {
      "locked": {
        "lastModified": 1694959747,
        "narHash": "sha256-CXQ2MuledDVlVM5dLC4pB41cFlBWxRw4tCBsFrq3cRk=",
        "owner": "NixOS",
        "repo": "nixpkgs",
        "rev": "970a59bd19eff3752ce552935687100c46e820a5",
        "type": "github"
      },
      "original": {
        "owner": "NixOS",
        "ref": "nixos-unstable",
        "repo": "nixpkgs",
        "type": "github"
      }
    },
    "nixpkgs-lib": {
      "locked": {
        "dir": "lib",
        "lastModified": 1703961334,
        "narHash": "sha256-M1mV/Cq+pgjk0rt6VxoyyD+O8cOUiai8t9Q6Yyq4noY=",
        "owner": "NixOS",
        "repo": "nixpkgs",
        "rev": "b0d36bd0a420ecee3bc916c91886caca87c894e9",
        "type": "github"
      },
      "original": {
        "dir": "lib",
        "owner": "NixOS",
        "ref": "nixos-unstable",
        "repo": "nixpkgs",
        "type": "github"
      }
    },
    "nixpkgs_2": {
      "locked": {
        "lastModified": 1704161960,
        "narHash": "sha256-QGua89Pmq+FBAro8NriTuoO/wNaUtugt29/qqA8zeeM=",
        "owner": "NixOS",
        "repo": "nixpkgs",
        "rev": "63143ac2c9186be6d9da6035fa22620018c85932",
        "type": "github"
      },
      "original": {
        "id": "nixpkgs",
        "type": "indirect"
      }
    },
    "nixpkgs_3": {
      "locked": {
        "lastModified": 1707159643,
        "narHash": "sha256-7gCHt6PK7eMU4DpzTO11s/DdMB6Say4sNEEiRrEv4yk=",
        "path": "/home/matejc/workarea/nixpkgs",
        "type": "path"
      },
      "original": {
        "path": "/home/matejc/workarea/nixpkgs",
        "type": "path"
      }
    },
    "nur": {
      "locked": {
        "lastModified": 1707218108,
        "narHash": "sha256-Ga8leUFMuuxKIqUS5pz8CwayaW1fOGdretxX2Pg4FTY=",
        "owner": "nix-community",
        "repo": "NUR",
        "rev": "c9082c6bafa25a4c1ad1b5ca370a063c723d9c21",
        "type": "github"
      },
      "original": {
        "owner": "nix-community",
        "repo": "NUR",
        "type": "github"
      }
    },
    "pre-commit-hooks": {
      "inputs": {
        "flake-compat": [
          "niri",
          "crate2nix",
          "flake-compat"
        ],
        "flake-utils": "flake-utils_3",
        "gitignore": "gitignore",
        "nixpkgs": [
          "niri",
          "crate2nix",
          "nixpkgs"
        ],
        "nixpkgs-stable": [
          "niri",
          "crate2nix",
          "nixpkgs"
        ]
      },
      "locked": {
        "lastModified": 1703939133,
        "narHash": "sha256-Gxe+mfOT6bL7wLC/tuT2F+V+Sb44jNr8YsJ3cyIl4Mo=",
        "owner": "cachix",
        "repo": "pre-commit-hooks.nix",
        "rev": "9d3d7e18c6bc4473d7520200d4ddab12f8402d38",
        "type": "github"
      },
      "original": {
        "owner": "cachix",
        "repo": "pre-commit-hooks.nix",
        "type": "github"
      }
    },
    "root": {
      "inputs": {
        "home-manager": "home-manager",
        "niri": "niri",
        "nixexprs": "nixexprs",
        "nixmy": "nixmy",
        "nixos-configuration": "nixos-configuration",
        "nixos-hardware": "nixos-hardware",
        "nixpkgs": "nixpkgs_3",
        "nur": "nur",
        "sway-scratchpad": "sway-scratchpad",
        "sway-workspace": "sway-workspace",
        "swayest": "swayest"
      }
    },
    "sway-scratchpad": {
      "flake": false,
      "locked": {
        "lastModified": 1682256707,
        "narHash": "sha256-TgiwU95BbKFvISDe8+wn8VQ+8vQNuGsb+7p9kP//5lw=",
        "owner": "matejc",
        "repo": "sway-scratchpad",
        "rev": "2f4d39927a154108f193771a90ae7f298e7ae65f",
        "type": "github"
      },
      "original": {
        "owner": "matejc",
        "repo": "sway-scratchpad",
        "type": "github"
      }
    },
    "sway-workspace": {
      "flake": false,
      "locked": {
        "lastModified": 1675361985,
        "narHash": "sha256-4Jyyve9HqiSzE+WGooKnzXjnIG+6HZIolf0P7fo47HU=",
        "owner": "matejc",
        "repo": "sway-workspace",
        "rev": "0ca7c7dbb181919e6d3b1b2a18c82e78df4fb638",
        "type": "github"
      },
      "original": {
        "owner": "matejc",
        "repo": "sway-workspace",
        "type": "github"
      }
    },
    "swayest": {
      "flake": false,
      "locked": {
        "lastModified": 1661875152,
        "narHash": "sha256-LciTrYbmJV0y0H6QH88vTBXbDdDSx6FQtO4J/CFLjtY=",
        "owner": "Lyr-7D1h",
        "repo": "swayest_workstyle",
        "rev": "5b90392d05240233e3292e546c6dd72f2fdcd0fe",
        "type": "github"
      },
      "original": {
        "owner": "Lyr-7D1h",
        "ref": "1.3.0",
        "repo": "swayest_workstyle",
        "type": "github"
      }
    },
    "systems": {
      "locked": {
        "lastModified": 1681028828,
        "narHash": "sha256-Vy1rq5AaRuLzOxct8nz4T6wlgyUR7zLU309k9mBC768=",
        "owner": "nix-systems",
        "repo": "default",
        "rev": "da67096a3b9bf56a91d16901293e51ba5b49a27e",
        "type": "github"
      },
      "original": {
        "owner": "nix-systems",
        "repo": "default",
        "type": "github"
      }
    },
    "systems_2": {
      "locked": {
        "lastModified": 1681028828,
        "narHash": "sha256-Vy1rq5AaRuLzOxct8nz4T6wlgyUR7zLU309k9mBC768=",
        "owner": "nix-systems",
        "repo": "default",
        "rev": "da67096a3b9bf56a91d16901293e51ba5b49a27e",
        "type": "github"
      },
      "original": {
        "owner": "nix-systems",
        "repo": "default",
        "type": "github"
      }
    },
    "systems_3": {
      "locked": {
        "lastModified": 1681028828,
        "narHash": "sha256-Vy1rq5AaRuLzOxct8nz4T6wlgyUR7zLU309k9mBC768=",
        "owner": "nix-systems",
        "repo": "default",
        "rev": "da67096a3b9bf56a91d16901293e51ba5b49a27e",
        "type": "github"
      },
      "original": {
        "owner": "nix-systems",
        "repo": "default",
        "type": "github"
      }
    }
  },
  "root": "root",
  "version": 7
}
