{
  "nodes": {
    "disko": {
      "inputs": {
        "nixpkgs": [
          "nixpkgs"
        ]
      },
      "locked": {
        "lastModified": 1710427903,
        "narHash": "sha256-sV0Q5ndvfjK9JfCg/QM/HX/fcittohvtq8dD62isxdM=",
        "owner": "nix-community",
        "repo": "disko",
        "rev": "21d89b333ca300bef82c928c856d48b94a9f997c",
        "type": "github"
      },
      "original": {
        "owner": "nix-community",
        "repo": "disko",
        "type": "github"
      }
    },
    "nixlib": {
      "locked": {
        "lastModified": 1710031547,
        "narHash": "sha256-pkUg3hOKuGWMGF9WEMPPN/G4pqqdbNGJQ54yhyQYDVY=",
        "owner": "nix-community",
        "repo": "nixpkgs.lib",
        "rev": "630ebdc047ca96d8126e16bb664c7730dc52f6e6",
        "type": "github"
      },
      "original": {
        "owner": "nix-community",
        "repo": "nixpkgs.lib",
        "type": "github"
      }
    },
    "nixos-generators": {
      "inputs": {
        "nixlib": "nixlib",
        "nixpkgs": [
          "nixpkgs"
        ]
      },
      "locked": {
        "lastModified": 1710398463,
        "narHash": "sha256-fQlYanU84E8uwBpcoTCcLCwU8cqn0eQ7nwTcrWfSngc=",
        "owner": "nix-community",
        "repo": "nixos-generators",
        "rev": "efd4e38532b5abfaa5c9fc95c5a913157dc20ccb",
        "type": "github"
      },
      "original": {
        "owner": "nix-community",
        "repo": "nixos-generators",
        "type": "github"
      }
    },
    "nixpkgs": {
      "locked": {
        "lastModified": 1710420202,
        "narHash": "sha256-MvFKESbq4rUWuaf2RKPNYENaSZEw/jaCLo2gU6oREcM=",
        "owner": "nixos",
        "repo": "nixpkgs",
        "rev": "878ef7d9721bee9f81f8a80819f9211ad1f993da",
        "type": "github"
      },
      "original": {
        "owner": "nixos",
        "ref": "nixos-23.11",
        "repo": "nixpkgs",
        "type": "github"
      }
    },
    "root": {
      "inputs": {
        "disko": "disko",
        "nixos-generators": "nixos-generators",
        "nixpkgs": "nixpkgs"
      }
    }
  },
  "root": "root",
  "version": 7
}
